
Microsoft Visual Studio Solution File, Format Version 12.00
Project("{FAE04EC0-301F-11D3-BF4B-00C04F79EFBC}") = "TestEmploee", "TestEmploee\TestEmploee.csproj", "{C1BE9846-83B2-4536-9FD5-7F8BD3CA7F47}"
EndProject
Project("{FAE04EC0-301F-11D3-BF4B-00C04F79EFBC}") = "ManagmentEmploee", "ManagmentEmploee\ManagmentEmploee.csproj", "{3C2E5361-41DB-4AD7-9BA5-40B139E70C46}"
EndProject
Global
	GlobalSection(SolutionConfigurationPlatforms) = preSolution
		Debug|Any CPU = Debug|Any CPU
		Release|Any CPU = Release|Any CPU
	EndGlobalSection
	GlobalSection(ProjectConfigurationPlatforms) = postSolution
		{C1BE9846-83B2-4536-9FD5-7F8BD3CA7F47}.Debug|Any CPU.ActiveCfg = Debug|Any CPU
		{C1BE9846-83B2-4536-9FD5-7F8BD3CA7F47}.Debug|Any CPU.Build.0 = Debug|Any CPU
		{C1BE9846-83B2-4536-9FD5-7F8BD3CA7F47}.Release|Any CPU.ActiveCfg = Release|Any CPU
		{C1BE9846-83B2-4536-9FD5-7F8BD3CA7F47}.Release|Any CPU.Build.0 = Release|Any CPU
		{3C2E5361-41DB-4AD7-9BA5-40B139E70C46}.Debug|Any CPU.ActiveCfg = Debug|Any CPU
		{3C2E5361-41DB-4AD7-9BA5-40B139E70C46}.Debug|Any CPU.Build.0 = Debug|Any CPU
		{3C2E5361-41DB-4AD7-9BA5-40B139E70C46}.Release|Any CPU.ActiveCfg = Release|Any CPU
		{3C2E5361-41DB-4AD7-9BA5-40B139E70C46}.Release|Any CPU.Build.0 = Release|Any CPU
	EndGlobalSection
EndGlobal
